PODS:
  - HPLiveKit (0.1.0):
    - HPRTMP
  - HPRTMP (0.0.3)
  - SwiftLint (0.51.0)

DEPENDENCIES:
  - HPLiveKit (from `../`)
  - HPRTMP (from `/Users/huipingguo/git/HPRTMP`)
  - SwiftLint

SPEC REPOS:
  https://github.com/CocoaPods/Specs.git:
    - SwiftLint

EXTERNAL SOURCES:
  HPLiveKit:
    :path: "../"
  HPRTMP:
    :path: "/Users/huipingguo/git/HPRTMP"

SPEC CHECKSUMS:
  HPLiveKit: 5ec7a8e5ad47439fbacdf4f70be266f0bcd8a6b3
  HPRTMP: 1b5a516e7860c49e20577d56f28eca05225f0d8f
  SwiftLint: 1b7561918a19e23bfed960e40759086e70f4dba5

PODFILE CHECKSUM: 2bbd9486553b0e0278df68e43464667a87a75276

COCOAPODS: 1.12.0
