PODS:
  - HPLibRTMP (0.0.3):
    - pili-librtmp
  - HPLiveKit (0.1.0):
    - HPLibRTMP (~> 0.0.3)
  - pili-librtmp (1.0.7)
  - SwiftLint (0.39.1)

DEPENDENCIES:
  - HPLiveKit (from `../`)
  - SwiftLint

SPEC REPOS:
  https://github.com/CocoaPods/Specs.git:
    - HPLibRTMP
    - pili-librtmp
    - SwiftLint

EXTERNAL SOURCES:
  HPLiveKit:
    :path: "../"

SPEC CHECKSUMS:
  HPLibRTMP: d98a46cad6eeb3156ed241c81243301ee6d74a01
  HPLiveKit: 366c0bfd3d9ebe9b0d5714ebc2d3c58242ec2cd0
  pili-librtmp: e8a06a45b0a1a166c48ae6dc718171c0963f32ea
  SwiftLint: 55e96a4a4d537d4a3156859fc1c54bd24851a046

PODFILE CHECKSUM: e4ac513a07b4bff8a84cbd2ca59ffa4981a754ca

COCOAPODS: 1.11.2
